
Microsoft Visual Studio Solution File, Format Version 12.00
# Visual Studio Version 17
VisualStudioVersion = 17.14.36401.2 d17.14
MinimumVisualStudioVersion = 10.0.40219.1
Project("{FAE04EC0-301F-11D3-BF4B-00C04F79EFBC}") = "Inventory", "Inventory\Inventory.csproj", "{1DFFC436-3F14-4A96-8402-1799C1C6777B}"
EndProject
Global
	GlobalSection(SolutionConfigurationPlatforms) = preSolution
		Debug|Any CPU = Debug|Any CPU
		Release|Any CPU = Release|Any CPU
	EndGlobalSection
	GlobalSection(ProjectConfigurationPlatforms) = postSolution
		{1DFFC436-3F14-4A96-8402-1799C1C6777B}.Debug|Any CPU.ActiveCfg = Debug|Any CPU
		{1DFFC436-3F14-4A96-8402-1799C1C6777B}.Debug|Any CPU.Build.0 = Debug|Any CPU
		{1DFFC436-3F14-4A96-8402-1799C1C6777B}.Release|Any CPU.ActiveCfg = Release|Any CPU
		{1DFFC436-3F14-4A96-8402-1799C1C6777B}.Release|Any CPU.Build.0 = Release|Any CPU
	EndGlobalSection
	GlobalSection(SolutionProperties) = preSolution
		HideSolutionNode = FALSE
	EndGlobalSection
	GlobalSection(ExtensibilityGlobals) = postSolution
		SolutionGuid = {B6069113-6D22-4A22-A374-FA008A036074}
	EndGlobalSection
EndGlobal
